<?xml version="1.0" encoding="utf-8"?>
<Project ToolsVersion="4.0" xmlns="http://schemas.microsoft.com/developer/msbuild/2003">
  <ItemGroup>
    <Filter Include="Source Files">
      <UniqueIdentifier>{4FC737F1-C7A5-4376-A066-2A32D752A2FF}</UniqueIdentifier>
      <Extensions>cpp;c;cc;cxx;def;odl;idl;hpj;bat;asm;asmx</Extensions>
    </Filter>
    <Filter Include="Header Files">
      <UniqueIdentifier>{93995380-89BD-4b04-88EB-625FBE52EBFB}</UniqueIdentifier>
      <Extensions>h;hh;hpp;hxx;hm;inl;inc;xsd</Extensions>
    </Filter>
    <Filter Include="Resource Files">
      <UniqueIdentifier>{67DA6AB6-F800-4c08-8B7A-83BB121AAD01}</UniqueIdentifier>
      <Extensions>rc;ico;cur;bmp;dlg;rc2;rct;bin;rgs;gif;jpg;jpeg;jpe;resx;tiff;tif;png;wav;mfcribbon-ms</Extensions>
    </Filter>
  </ItemGroup>
  <ItemGroup>
    <ClInclude Include="include\config.h">
      <Filter>Header Files</Filter>
    </ClInclude>
    <ClInclude Include="include\cstringstream.h">
      <Filter>Header Files</Filter>
    </ClInclude>
    <ClInclude Include="include\cudd.h">
      <Filter>Header Files</Filter>
    </ClInclude>
    <ClInclude Include="include\cuddInt.h">
      <Filter>Header Files</Filter>
    </ClInclude>
    <ClInclude Include="include\cuddObj.hh">
      <Filter>Header Files</Filter>
    </ClInclude>
    <ClInclude Include="include\cuddSymbolicset.hh">
      <Filter>Header Files</Filter>
    </ClInclude>
    <ClInclude Include="include\datasizes32.h">
      <Filter>Header Files</Filter>
    </ClInclude>
    <ClInclude Include="include\datasizes64.h">
      <Filter>Header Files</Filter>
    </ClInclude>
    <ClInclude Include="include\dddmp.h">
      <Filter>Header Files</Filter>
    </ClInclude>
    <ClInclude Include="include\dddmpInt.h">
      <Filter>Header Files</Filter>
    </ClInclude>
    <ClInclude Include="include\epd.h">
      <Filter>Header Files</Filter>
    </ClInclude>
    <ClInclude Include="include\epdInt.h">
      <Filter>Header Files</Filter>
    </ClInclude>
    <ClInclude Include="include\mtr.h">
      <Filter>Header Files</Filter>
    </ClInclude>
    <ClInclude Include="include\mtrInt.h">
      <Filter>Header Files</Filter>
    </ClInclude>
    <ClInclude Include="include\st.h">
      <Filter>Header Files</Filter>
    </ClInclude>
    <ClInclude Include="include\util.h">
      <Filter>Header Files</Filter>
    </ClInclude>
  </ItemGroup>
  <ItemGroup>
    <ClCompile Include="src\cpu_stats.c">
      <Filter>Source Files</Filter>
    </ClCompile>
    <ClCompile Include="src\cpu_time.c">
      <Filter>Source Files</Filter>
    </ClCompile>
    <ClCompile Include="src\cstringstream.c">
      <Filter>Source Files</Filter>
    </ClCompile>
    <ClCompile Include="src\cuddAddAbs.c">
      <Filter>Source Files</Filter>
    </ClCompile>
    <ClCompile Include="src\cuddAddApply.c">
      <Filter>Source Files</Filter>
    </ClCompile>
    <ClCompile Include="src\cuddAddFind.c">
      <Filter>Source Files</Filter>
    </ClCompile>
    <ClCompile Include="src\cuddAddInv.c">
      <Filter>Source Files</Filter>
    </ClCompile>
    <ClCompile Include="src\cuddAddIte.c">
      <Filter>Source Files</Filter>
    </ClCompile>
    <ClCompile Include="src\cuddAddNeg.c">
      <Filter>Source Files</Filter>
    </ClCompile>
    <ClCompile Include="src\cuddAddWalsh.c">
      <Filter>Source Files</Filter>
    </ClCompile>
    <ClCompile Include="src\cuddAndAbs.c">
      <Filter>Source Files</Filter>
    </ClCompile>
    <ClCompile Include="src\cuddAnneal.c">
      <Filter>Source Files</Filter>
    </ClCompile>
    <ClCompile Include="src\cuddApa.c">
      <Filter>Source Files</Filter>
    </ClCompile>
    <ClCompile Include="src\cuddAPI.c">
      <Filter>Source Files</Filter>
    </ClCompile>
    <ClCompile Include="src\cuddApprox.c">
      <Filter>Source Files</Filter>
    </ClCompile>
    <ClCompile Include="src\cuddBddAbs.c">
      <Filter>Source Files</Filter>
    </ClCompile>
    <ClCompile Include="src\cuddBddCorr.c">
      <Filter>Source Files</Filter>
    </ClCompile>
    <ClCompile Include="src\cuddBddIte.c">
      <Filter>Source Files</Filter>
    </ClCompile>
    <ClCompile Include="src\cuddBridge.c">
      <Filter>Source Files</Filter>
    </ClCompile>
    <ClCompile Include="src\cuddCache.c">
      <Filter>Source Files</Filter>
    </ClCompile>
    <ClCompile Include="src\cuddCheck.c">
      <Filter>Source Files</Filter>
    </ClCompile>
    <ClCompile Include="src\cuddClip.c">
      <Filter>Source Files</Filter>
    </ClCompile>
    <ClCompile Include="src\cuddCof.c">
      <Filter>Source Files</Filter>
    </ClCompile>
    <ClCompile Include="src\cuddCompose.c">
      <Filter>Source Files</Filter>
    </ClCompile>
    <ClCompile Include="src\cuddDecomp.c">
      <Filter>Source Files</Filter>
    </ClCompile>
    <ClCompile Include="src\cuddEssent.c">
      <Filter>Source Files</Filter>
    </ClCompile>
    <ClCompile Include="src\cuddExact.c">
      <Filter>Source Files</Filter>
    </ClCompile>
    <ClCompile Include="src\cuddExport.c">
      <Filter>Source Files</Filter>
    </ClCompile>
    <ClCompile Include="src\cuddGenCof.c">
      <Filter>Source Files</Filter>
    </ClCompile>
    <ClCompile Include="src\cuddGenetic.c">
      <Filter>Source Files</Filter>
    </ClCompile>
    <ClCompile Include="src\cuddGroup.c">
      <Filter>Source Files</Filter>
    </ClCompile>
    <ClCompile Include="src\cuddHarwell.c">
      <Filter>Source Files</Filter>
    </ClCompile>
    <ClCompile Include="src\cuddInit.c">
      <Filter>Source Files</Filter>
    </ClCompile>
    <ClCompile Include="src\cuddInteract.c">
      <Filter>Source Files</Filter>
    </ClCompile>
    <ClCompile Include="src\cuddLCache.c">
      <Filter>Source Files</Filter>
    </ClCompile>
    <ClCompile Include="src\cuddLevelQ.c">
      <Filter>Source Files</Filter>
    </ClCompile>
    <ClCompile Include="src\cuddLinear.c">
      <Filter>Source Files</Filter>
    </ClCompile>
    <ClCompile Include="src\cuddLiteral.c">
      <Filter>Source Files</Filter>
    </ClCompile>
    <ClCompile Include="src\cuddMatMult.c">
      <Filter>Source Files</Filter>
    </ClCompile>
    <ClCompile Include="src\cuddObj.cc">
      <Filter>Source Files</Filter>
    </ClCompile>
    <ClCompile Include="src\cuddPriority.c">
      <Filter>Source Files</Filter>
    </ClCompile>
    <ClCompile Include="src\cuddRead.c">
      <Filter>Source Files</Filter>
    </ClCompile>
    <ClCompile Include="src\cuddRef.c">
      <Filter>Source Files</Filter>
    </ClCompile>
    <ClCompile Include="src\cuddReorder.c">
      <Filter>Source Files</Filter>
    </ClCompile>
    <ClCompile Include="src\cuddSat.c">
      <Filter>Source Files</Filter>
    </ClCompile>
    <ClCompile Include="src\cuddSign.c">
      <Filter>Source Files</Filter>
    </ClCompile>
    <ClCompile Include="src\cuddSolve.c">
      <Filter>Source Files</Filter>
    </ClCompile>
    <ClCompile Include="src\cuddSplit.c">
      <Filter>Source Files</Filter>
    </ClCompile>
    <ClCompile Include="src\cuddSubsetHB.c">
      <Filter>Source Files</Filter>
    </ClCompile>
    <ClCompile Include="src\cuddSubsetSP.c">
      <Filter>Source Files</Filter>
    </ClCompile>
    <ClCompile Include="src\cuddSymbolicSet.cc">
      <Filter>Source Files</Filter>
    </ClCompile>
    <ClCompile Include="src\cuddSymmetry.c">
      <Filter>Source Files</Filter>
    </ClCompile>
    <ClCompile Include="src\cuddTable.c">
      <Filter>Source Files</Filter>
    </ClCompile>
    <ClCompile Include="src\cuddUtil.c">
      <Filter>Source Files</Filter>
    </ClCompile>
    <ClCompile Include="src\cuddWindow.c">
      <Filter>Source Files</Filter>
    </ClCompile>
    <ClCompile Include="src\cuddZddCount.c">
      <Filter>Source Files</Filter>
    </ClCompile>
    <ClCompile Include="src\cuddZddFuncs.c">
      <Filter>Source Files</Filter>
    </ClCompile>
    <ClCompile Include="src\cuddZddGroup.c">
      <Filter>Source Files</Filter>
    </ClCompile>
    <ClCompile Include="src\cuddZddIsop.c">
      <Filter>Source Files</Filter>
    </ClCompile>
    <ClCompile Include="src\cuddZddLin.c">
      <Filter>Source Files</Filter>
    </ClCompile>
    <ClCompile Include="src\cuddZddMisc.c">
      <Filter>Source Files</Filter>
    </ClCompile>
    <ClCompile Include="src\cuddZddPort.c">
      <Filter>Source Files</Filter>
    </ClCompile>
    <ClCompile Include="src\cuddZddReord.c">
      <Filter>Source Files</Filter>
    </ClCompile>
    <ClCompile Include="src\cuddZddSetop.c">
      <Filter>Source Files</Filter>
    </ClCompile>
    <ClCompile Include="src\cuddZddSymm.c">
      <Filter>Source Files</Filter>
    </ClCompile>
    <ClCompile Include="src\cuddZddUtil.c">
      <Filter>Source Files</Filter>
    </ClCompile>
    <ClCompile Include="src\datalimit.c">
      <Filter>Source Files</Filter>
    </ClCompile>
    <ClCompile Include="src\dddmpBinary.c">
      <Filter>Source Files</Filter>
    </ClCompile>
    <ClCompile Include="src\dddmpConvert.c">
      <Filter>Source Files</Filter>
    </ClCompile>
    <ClCompile Include="src\dddmpDbg.c">
      <Filter>Source Files</Filter>
    </ClCompile>
    <ClCompile Include="src\dddmpLoad.c">
      <Filter>Source Files</Filter>
    </ClCompile>
    <ClCompile Include="src\dddmpLoadCnf.c">
      <Filter>Source Files</Filter>
    </ClCompile>
    <ClCompile Include="src\dddmpNodeAdd.c">
      <Filter>Source Files</Filter>
    </ClCompile>
    <ClCompile Include="src\dddmpNodeBdd.c">
      <Filter>Source Files</Filter>
    </ClCompile>
    <ClCompile Include="src\dddmpNodeCnf.c">
      <Filter>Source Files</Filter>
    </ClCompile>
    <ClCompile Include="src\dddmpStoreAdd.c">
      <Filter>Source Files</Filter>
    </ClCompile>
    <ClCompile Include="src\dddmpStoreBdd.c">
      <Filter>Source Files</Filter>
    </ClCompile>
    <ClCompile Include="src\dddmpStoreCnf.c">
      <Filter>Source Files</Filter>
    </ClCompile>
    <ClCompile Include="src\dddmpStoreMisc.c">
      <Filter>Source Files</Filter>
    </ClCompile>
    <ClCompile Include="src\dddmpUtil.c">
      <Filter>Source Files</Filter>
    </ClCompile>
    <ClCompile Include="src\epd.c">
      <Filter>Source Files</Filter>
    </ClCompile>
    <ClCompile Include="src\mtrBasic.c">
      <Filter>Source Files</Filter>
    </ClCompile>
    <ClCompile Include="src\mtrGroup.c">
      <Filter>Source Files</Filter>
    </ClCompile>
    <ClCompile Include="src\pathsearch.c">
      <Filter>Source Files</Filter>
    </ClCompile>
    <ClCompile Include="src\pipefork.c">
      <Filter>Source Files</Filter>
    </ClCompile>
    <ClCompile Include="src\prtime.c">
      <Filter>Source Files</Filter>
    </ClCompile>
    <ClCompile Include="src\safe_mem.c">
      <Filter>Source Files</Filter>
    </ClCompile>
    <ClCompile Include="src\st.c">
      <Filter>Source Files</Filter>
    </ClCompile>
    <ClCompile Include="src\strsav.c">
      <Filter>Source Files</Filter>
    </ClCompile>
    <ClCompile Include="src\texpand.c">
      <Filter>Source Files</Filter>
    </ClCompile>
    <ClCompile Include="src\ucbqsort.c">
      <Filter>Source Files</Filter>
    </ClCompile>
  </ItemGroup>
</Project>